{
  "name": "algorithm-review-system",
  "lockfileVersion": 3,
  "requires": true,
  "packages": {
    "": {
      "name": "algorithm-review-system",
      "license": "ISC",
      "dependencies": {
        "@lydell/node-pty-win32-x64": "^1.2.0-beta.12"
      },
      "engines": {
        "node": ">=20.0.0"
      }
    },
    "node_modules/@lydell/node-pty-win32-x64": {
      "version": "1.2.0-beta.12",
      "resolved": "https://registry.npmmirror.com/@lydell/node-pty-win32-x64/-/node-pty-win32-x64-1.2.0-beta.12.tgz",
      "integrity": "sha512-IDFa00g7qUDGUYgByrUBJtC+mOjYVt/8KYyWivCg5JjGOHbBUACUQZLl0jTWmnr+tld/UyTpX90a2PY6oTVtRw==",
      "cpu": [
        "x64"
      ],
      "license": "MIT",
      "os": [
        "win32"
      ]
    }
  }
}
